// !$*UTF8*$!
{
	archiveVersion = 1;
	classes = {
	};
	objectVersion = 56;
	objects = {

/* Begin PBXBuildFile section */
		1F0738B529654DF1001ED4B5 /* SettingsView.swift in Sources */ = {isa = PBXBuildFile; fileRef = 1F0738B429654DF1001ED4B5 /* SettingsView.swift */; };
		1F0738B829654E24001ED4B5 /* GoogleSignIn in Frameworks */ = {isa = PBXBuildFile; productRef = 1F0738B729654E24001ED4B5 /* GoogleSignIn */; };
		1F0738BA29654E24001ED4B5 /* GoogleSignInSwift in Frameworks */ = {isa = PBXBuildFile; productRef = 1F0738B929654E24001ED4B5 /* GoogleSignInSwift */; };
		1F14D843294810210076016F /* LokiFrameApp.swift in Sources */ = {isa = PBXBuildFile; fileRef = 1F14D842294810210076016F /* LokiFrameApp.swift */; };
		1F14D845294810210076016F /* ContentView.swift in Sources */ = {isa = PBXBuildFile; fileRef = 1F14D844294810210076016F /* ContentView.swift */; };
		1F14D847294810220076016F /* Assets.xcassets in Resources */ = {isa = PBXBuildFile; fileRef = 1F14D846294810220076016F /* Assets.xcassets */; };
		1F14D84A294810220076016F /* Preview Assets.xcassets in Resources */ = {isa = PBXBuildFile; fileRef = 1F14D849294810220076016F /* Preview Assets.xcassets */; };
		1F14D851294813C30076016F /* ImageDisplayList.swift in Sources */ = {isa = PBXBuildFile; fileRef = 1F14D850294813C30076016F /* ImageDisplayList.swift */; };
		1F14D853294813CD0076016F /* ImageDisplay.swift in Sources */ = {isa = PBXBuildFile; fileRef = 1F14D852294813CD0076016F /* ImageDisplay.swift */; };
		1F14D855294815580076016F /* FrameData.swift in Sources */ = {isa = PBXBuildFile; fileRef = 1F14D854294815580076016F /* FrameData.swift */; };
		1F14D857294818AD0076016F /* ImageData.swift in Sources */ = {isa = PBXBuildFile; fileRef = 1F14D856294818AD0076016F /* ImageData.swift */; };
		1F1B6E542962EBA400129AC0 /* NukeUI in Frameworks */ = {isa = PBXBuildFile; productRef = 1F1B6E532962EBA400129AC0 /* NukeUI */; };
		1F2BF30E29668750002C4D90 /* FrameModules.swift in Sources */ = {isa = PBXBuildFile; fileRef = 1F2BF30D29668750002C4D90 /* FrameModules.swift */; };
		1FC74012296B8D2C00681103 /* CalendarInfo.swift in Sources */ = {isa = PBXBuildFile; fileRef = 1FC74011296B8D2C00681103 /* CalendarInfo.swift */; };
		1FC8963D296611F40018767F /* UserState.swift in Sources */ = {isa = PBXBuildFile; fileRef = 1FC8963C296611F40018767F /* UserState.swift */; };
		1FEDE081296CD918006510A2 /* LokiFrameUrl.swift in Sources */ = {isa = PBXBuildFile; fileRef = 1FEDE080296CD918006510A2 /* LokiFrameUrl.swift */; };
/* End PBXBuildFile section */

/* Begin PBXFileReference section */
		1F0738B429654DF1001ED4B5 /* SettingsView.swift */ = {isa = PBXFileReference; lastKnownFileType = sourcecode.swift; path = SettingsView.swift; sourceTree = "<group>"; };
		1F14D83F294810210076016F /* LokiFrame.app */ = {isa = PBXFileReference; explicitFileType = wrapper.application; includeInIndex = 0; path = LokiFrame.app; sourceTree = BUILT_PRODUCTS_DIR; };
		1F14D842294810210076016F /* LokiFrameApp.swift */ = {isa = PBXFileReference; lastKnownFileType = sourcecode.swift; path = LokiFrameApp.swift; sourceTree = "<group>"; };
		1F14D844294810210076016F /* ContentView.swift */ = {isa = PBXFileReference; lastKnownFileType = sourcecode.swift; path = ContentView.swift; sourceTree = "<group>"; };
		1F14D846294810220076016F /* Assets.xcassets */ = {isa = PBXFileReference; lastKnownFileType = folder.assetcatalog; path = Assets.xcassets; sourceTree = "<group>"; };
		1F14D849294810220076016F /* Preview Assets.xcassets */ = {isa = PBXFileReference; lastKnownFileType = folder.assetcatalog; path = "Preview Assets.xcassets"; sourceTree = "<group>"; };
		1F14D850294813C30076016F /* ImageDisplayList.swift */ = {isa = PBXFileReference; lastKnownFileType = sourcecode.swift; path = ImageDisplayList.swift; sourceTree = "<group>"; };
		1F14D852294813CD0076016F /* ImageDisplay.swift */ = {isa = PBXFileReference; lastKnownFileType = sourcecode.swift; path = ImageDisplay.swift; sourceTree = "<group>"; };
		1F14D854294815580076016F /* FrameData.swift */ = {isa = PBXFileReference; lastKnownFileType = sourcecode.swift; path = FrameData.swift; sourceTree = "<group>"; };
		1F14D856294818AD0076016F /* ImageData.swift */ = {isa = PBXFileReference; lastKnownFileType = sourcecode.swift; path = ImageData.swift; sourceTree = "<group>"; };
		1F2BF30D29668750002C4D90 /* FrameModules.swift */ = {isa = PBXFileReference; lastKnownFileType = sourcecode.swift; path = FrameModules.swift; sourceTree = "<group>"; };
		1FC5833C29629EDE000ADA1A /* Info.plist */ = {isa = PBXFileReference; lastKnownFileType = text.plist; path = Info.plist; sourceTree = "<group>"; };
		1FC74011296B8D2C00681103 /* CalendarInfo.swift */ = {isa = PBXFileReference; lastKnownFileType = sourcecode.swift; path = CalendarInfo.swift; sourceTree = "<group>"; };
		1FC8963C296611F40018767F /* UserState.swift */ = {isa = PBXFileReference; lastKnownFileType = sourcecode.swift; path = UserState.swift; sourceTree = "<group>"; };
		1FEDE080296CD918006510A2 /* LokiFrameUrl.swift */ = {isa = PBXFileReference; lastKnownFileType = sourcecode.swift; path = LokiFrameUrl.swift; sourceTree = "<group>"; };
/* End PBXFileReference section */

/* Begin PBXFrameworksBuildPhase section */
		1F14D83C294810210076016F /* Frameworks */ = {
			isa = PBXFrameworksBuildPhase;
			buildActionMask = 2147483647;
			files = (
				1F0738BA29654E24001ED4B5 /* GoogleSignInSwift in Frameworks */,
				1F1B6E542962EBA400129AC0 /* NukeUI in Frameworks */,
				1F0738B829654E24001ED4B5 /* GoogleSignIn in Frameworks */,
			);
			runOnlyForDeploymentPostprocessing = 0;
		};
/* End PBXFrameworksBuildPhase section */

/* Begin PBXGroup section */
		1F14D836294810210076016F = {
			isa = PBXGroup;
			children = (
				1F14D841294810210076016F /* LokiFrame */,
				1F14D840294810210076016F /* Products */,
			);
			sourceTree = "<group>";
		};
		1F14D840294810210076016F /* Products */ = {
			isa = PBXGroup;
			children = (
				1F14D83F294810210076016F /* LokiFrame.app */,
			);
			name = Products;
			sourceTree = "<group>";
		};
		1F14D841294810210076016F /* LokiFrame */ = {
			isa = PBXGroup;
			children = (
				1FC5833C29629EDE000ADA1A /* Info.plist */,
				1F14D842294810210076016F /* LokiFrameApp.swift */,
				1F14D844294810210076016F /* ContentView.swift */,
				1F14D846294810220076016F /* Assets.xcassets */,
				1F14D848294810220076016F /* Preview Content */,
				1F14D850294813C30076016F /* ImageDisplayList.swift */,
				1F14D852294813CD0076016F /* ImageDisplay.swift */,
				1F14D854294815580076016F /* FrameData.swift */,
				1F14D856294818AD0076016F /* ImageData.swift */,
				1F0738B429654DF1001ED4B5 /* SettingsView.swift */,
				1FC8963C296611F40018767F /* UserState.swift */,
				1F2BF30D29668750002C4D90 /* FrameModules.swift */,
				1FC74011296B8D2C00681103 /* CalendarInfo.swift */,
				1FEDE080296CD918006510A2 /* LokiFrameUrl.swift */,
			);
			path = LokiFrame;
			sourceTree = "<group>";
		};
		1F14D848294810220076016F /* Preview Content */ = {
			isa = PBXGroup;
			children = (
				1F14D849294810220076016F /* Preview Assets.xcassets */,
			);
			path = "Preview Content";
			sourceTree = "<group>";
		};
/* End PBXGroup section */

/* Begin PBXNativeTarget section */
		1F14D83E294810210076016F /* LokiFrame */ = {
			isa = PBXNativeTarget;
			buildConfigurationList = 1F14D84D294810220076016F /* Build configuration list for PBXNativeTarget "LokiFrame" */;
			buildPhases = (
				1F14D83B294810210076016F /* Sources */,
				1F14D83C294810210076016F /* Frameworks */,
				1F14D83D294810210076016F /* Resources */,
			);
			buildRules = (
			);
			dependencies = (
			);
			name = LokiFrame;
			packageProductDependencies = (
				1F1B6E532962EBA400129AC0 /* NukeUI */,
				1F0738B729654E24001ED4B5 /* GoogleSignIn */,
				1F0738B929654E24001ED4B5 /* GoogleSignInSwift */,
			);
			productName = LokiFrame;
			productReference = 1F14D83F294810210076016F /* LokiFrame.app */;
			productType = "com.apple.product-type.application";
		};
/* End PBXNativeTarget section */

/* Begin PBXProject section */
		1F14D837294810210076016F /* Project object */ = {
			isa = PBXProject;
			attributes = {
				BuildIndependentTargetsInParallel = 1;
				LastSwiftUpdateCheck = 1410;
				LastUpgradeCheck = 1410;
				TargetAttributes = {
					1F14D83E294810210076016F = {
						CreatedOnToolsVersion = 14.1;
					};
				};
			};
			buildConfigurationList = 1F14D83A294810210076016F /* Build configuration list for PBXProject "LokiFrame" */;
			compatibilityVersion = "Xcode 14.0";
			developmentRegion = en;
			hasScannedForEncodings = 0;
			knownRegions = (
				en,
				Base,
			);
			mainGroup = 1F14D836294810210076016F;
			packageReferences = (
				1F1B6E522962EBA400129AC0 /* XCRemoteSwiftPackageReference "Nuke" */,
				1F0738B629654E24001ED4B5 /* XCRemoteSwiftPackageReference "GoogleSignIn-iOS" */,
			);
			productRefGroup = 1F14D840294810210076016F /* Products */;
			projectDirPath = "";
			projectRoot = "";
			targets = (
				1F14D83E294810210076016F /* LokiFrame */,
			);
		};
/* End PBXProject section */

/* Begin PBXResourcesBuildPhase section */
		1F14D83D294810210076016F /* Resources */ = {
			isa = PBXResourcesBuildPhase;
			buildActionMask = 2147483647;
			files = (
				1F14D84A294810220076016F /* Preview Assets.xcassets in Resources */,
				1F14D847294810220076016F /* Assets.xcassets in Resources */,
			);
			runOnlyForDeploymentPostprocessing = 0;
		};
/* End PBXResourcesBuildPhase section */

/* Begin PBXSourcesBuildPhase section */
		1F14D83B294810210076016F /* Sources */ = {
			isa = PBXSourcesBuildPhase;
			buildActionMask = 2147483647;
			files = (
				1F0738B529654DF1001ED4B5 /* SettingsView.swift in Sources */,
				1FEDE081296CD918006510A2 /* LokiFrameUrl.swift in Sources */,
				1FC74012296B8D2C00681103 /* CalendarInfo.swift in Sources */,
				1F14D851294813C30076016F /* ImageDisplayList.swift in Sources */,
				1FC8963D296611F40018767F /* UserState.swift in Sources */,
				1F14D855294815580076016F /* FrameData.swift in Sources */,
				1F14D845294810210076016F /* ContentView.swift in Sources */,
				1F2BF30E29668750002C4D90 /* FrameModules.swift in Sources */,
				1F14D853294813CD0076016F /* ImageDisplay.swift in Sources */,
				1F14D843294810210076016F /* LokiFrameApp.swift in Sources */,
				1F14D857294818AD0076016F /* ImageData.swift in Sources */,
			);
			runOnlyForDeploymentPostprocessing = 0;
		};
/* End PBXSourcesBuildPhase section */

/* Begin XCBuildConfiguration section */
		1F14D84B294810220076016F /* Debug */ = {
			isa = XCBuildConfiguration;
			buildSettings = {
				ALWAYS_SEARCH_USER_PATHS = NO;
				CLANG_ANALYZER_NONNULL = YES;
				CLANG_ANALYZER_NUMBER_OBJECT_CONVERSION = YES_AGGRESSIVE;
				CLANG_CXX_LANGUAGE_STANDARD = "gnu++20";
				CLANG_ENABLE_MODULES = YES;
				CLANG_ENABLE_OBJC_ARC = YES;
				CLANG_ENABLE_OBJC_WEAK = YES;
				CLANG_WARN_BLOCK_CAPTURE_AUTORELEASING = YES;
				CLANG_WARN_BOOL_CONVERSION = YES;
				CLANG_WARN_COMMA = YES;
				CLANG_WARN_CONSTANT_CONVERSION = YES;
				CLANG_WARN_DEPRECATED_OBJC_IMPLEMENTATIONS = YES;
				CLANG_WARN_DIRECT_OBJC_ISA_USAGE = YES_ERROR;
				CLANG_WARN_DOCUMENTATION_COMMENTS = YES;
				CLANG_WARN_EMPTY_BODY = YES;
				CLANG_WARN_ENUM_CONVERSION = YES;
				CLANG_WARN_INFINITE_RECURSION = YES;
				CLANG_WARN_INT_CONVERSION = YES;
				CLANG_WARN_NON_LITERAL_NULL_CONVERSION = YES;
				CLANG_WARN_OBJC_IMPLICIT_RETAIN_SELF = YES;
				CLANG_WARN_OBJC_LITERAL_CONVERSION = YES;
				CLANG_WARN_OBJC_ROOT_CLASS = YES_ERROR;
				CLANG_WARN_QUOTED_INCLUDE_IN_FRAMEWORK_HEADER = YES;
				CLANG_WARN_RANGE_LOOP_ANALYSIS = YES;
				CLANG_WARN_STRICT_PROTOTYPES = YES;
				CLANG_WARN_SUSPICIOUS_MOVE = YES;
				CLANG_WARN_UNGUARDED_AVAILABILITY = YES_AGGRESSIVE;
				CLANG_WARN_UNREACHABLE_CODE = YES;
				CLANG_WARN__DUPLICATE_METHOD_MATCH = YES;
				COPY_PHASE_STRIP = NO;
				DEBUG_INFORMATION_FORMAT = dwarf;
				ENABLE_STRICT_OBJC_MSGSEND = YES;
				ENABLE_TESTABILITY = YES;
				GCC_C_LANGUAGE_STANDARD = gnu11;
				GCC_DYNAMIC_NO_PIC = NO;
				GCC_NO_COMMON_BLOCKS = YES;
				GCC_OPTIMIZATION_LEVEL = 0;
				GCC_PREPROCESSOR_DEFINITIONS = (
					"DEBUG=1",
					"$(inherited)",
				);
				GCC_WARN_64_TO_32_BIT_CONVERSION = YES;
				GCC_WARN_ABOUT_RETURN_TYPE = YES_ERROR;
				GCC_WARN_UNDECLARED_SELECTOR = YES;
				GCC_WARN_UNINITIALIZED_AUTOS = YES_AGGRESSIVE;
				GCC_WARN_UNUSED_FUNCTION = YES;
				GCC_WARN_UNUSED_VARIABLE = YES;
				IPHONEOS_DEPLOYMENT_TARGET = 16.1;
				MTL_ENABLE_DEBUG_INFO = INCLUDE_SOURCE;
				MTL_FAST_MATH = YES;
				ONLY_ACTIVE_ARCH = YES;
				SDKROOT = iphoneos;
				SWIFT_ACTIVE_COMPILATION_CONDITIONS = DEBUG;
				SWIFT_OPTIMIZATION_LEVEL = "-Onone";
			};
			name = Debug;
		};
		1F14D84C294810220076016F /* Release */ = {
			isa = XCBuildConfiguration;
			buildSettings = {
				ALWAYS_SEARCH_USER_PATHS = NO;
				CLANG_ANALYZER_NONNULL = YES;
				CLANG_ANALYZER_NUMBER_OBJECT_CONVERSION = YES_AGGRESSIVE;
				CLANG_CXX_LANGUAGE_STANDARD = "gnu++20";
				CLANG_ENABLE_MODULES = YES;
				CLANG_ENABLE_OBJC_ARC = YES;
				CLANG_ENABLE_OBJC_WEAK = YES;
				CLANG_WARN_BLOCK_CAPTURE_AUTORELEASING = YES;
				CLANG_WARN_BOOL_CONVERSION = YES;
				CLANG_WARN_COMMA = YES;
				CLANG_WARN_CONSTANT_CONVERSION = YES;
				CLANG_WARN_DEPRECATED_OBJC_IMPLEMENTATIONS = YES;
				CLANG_WARN_DIRECT_OBJC_ISA_USAGE = YES_ERROR;
				CLANG_WARN_DOCUMENTATION_COMMENTS = YES;
				CLANG_WARN_EMPTY_BODY = YES;
				CLANG_WARN_ENUM_CONVERSION = YES;
				CLANG_WARN_INFINITE_RECURSION = YES;
				CLANG_WARN_INT_CONVERSION = YES;
				CLANG_WARN_NON_LITERAL_NULL_CONVERSION = YES;
				CLANG_WARN_OBJC_IMPLICIT_RETAIN_SELF = YES;
				CLANG_WARN_OBJC_LITERAL_CONVERSION = YES;
				CLANG_WARN_OBJC_ROOT_CLASS = YES_ERROR;
				CLANG_WARN_QUOTED_INCLUDE_IN_FRAMEWORK_HEADER = YES;
				CLANG_WARN_RANGE_LOOP_ANALYSIS = YES;
				CLANG_WARN_STRICT_PROTOTYPES = YES;
				CLANG_WARN_SUSPICIOUS_MOVE = YES;
				CLANG_WARN_UNGUARDED_AVAILABILITY = YES_AGGRESSIVE;
				CLANG_WARN_UNREACHABLE_CODE = YES;
				CLANG_WARN__DUPLICATE_METHOD_MATCH = YES;
				COPY_PHASE_STRIP = NO;
				DEBUG_INFORMATION_FORMAT = "dwarf-with-dsym";
				ENABLE_NS_ASSERTIONS = NO;
				ENABLE_STRICT_OBJC_MSGSEND = YES;
				GCC_C_LANGUAGE_STANDARD = gnu11;
				GCC_NO_COMMON_BLOCKS = YES;
				GCC_WARN_64_TO_32_BIT_CONVERSION = YES;
				GCC_WARN_ABOUT_RETURN_TYPE = YES_ERROR;
				GCC_WARN_UNDECLARED_SELECTOR = YES;
				GCC_WARN_UNINITIALIZED_AUTOS = YES_AGGRESSIVE;
				GCC_WARN_UNUSED_FUNCTION = YES;
				GCC_WARN_UNUSED_VARIABLE = YES;
				IPHONEOS_DEPLOYMENT_TARGET = 16.1;
				MTL_ENABLE_DEBUG_INFO = NO;
				MTL_FAST_MATH = YES;
				SDKROOT = iphoneos;
				SWIFT_COMPILATION_MODE = wholemodule;
				SWIFT_OPTIMIZATION_LEVEL = "-O";
				VALIDATE_PRODUCT = YES;
			};
			name = Release;
		};
		1F14D84E294810220076016F /* Debug */ = {
			isa = XCBuildConfiguration;
			buildSettings = {
				ASSETCATALOG_COMPILER_APPICON_NAME = AppIcon;
				ASSETCATALOG_COMPILER_GLOBAL_ACCENT_COLOR_NAME = AccentColor;
				CODE_SIGN_STYLE = Automatic;
				CURRENT_PROJECT_VERSION = 1;
				DEVELOPMENT_ASSET_PATHS = "\"LokiFrame/Preview Content\"";
				DEVELOPMENT_TEAM = W23R2ZSW6R;
				ENABLE_PREVIEWS = YES;
				GENERATE_INFOPLIST_FILE = YES;
				INFOPLIST_FILE = LokiFrame/Info.plist;
				INFOPLIST_KEY_LSApplicationCategoryType = "public.app-category.graphics-design";
				INFOPLIST_KEY_UIApplicationSupportsIndirectInputEvents = YES;
				INFOPLIST_KEY_UILaunchScreen_Generation = YES;
				INFOPLIST_KEY_UISupportedInterfaceOrientations = UIInterfaceOrientationPortrait;
				INFOPLIST_KEY_UISupportedInterfaceOrientations_iPad = "UIInterfaceOrientationLandscapeLeft UIInterfaceOrientationLandscapeRight UIInterfaceOrientationPortrait";
				LD_RUNPATH_SEARCH_PATHS = (
					"$(inherited)",
					"@executable_path/Frameworks",
				);
				MARKETING_VERSION = 1.0;
				PRODUCT_BUNDLE_IDENTIFIER = dev.noelgomez.LokiFrame;
				PRODUCT_NAME = "$(TARGET_NAME)";
				SUPPORTED_PLATFORMS = "iphoneos iphonesimulator";
				SUPPORTS_MACCATALYST = NO;
				SUPPORTS_MAC_DESIGNED_FOR_IPHONE_IPAD = NO;
				SWIFT_EMIT_LOC_STRINGS = YES;
				SWIFT_VERSION = 5.0;
				TARGETED_DEVICE_FAMILY = 1;
			};
			name = Debug;
		};
		1F14D84F294810220076016F /* Release */ = {
			isa = XCBuildConfiguration;
			buildSettings = {
				ASSETCATALOG_COMPILER_APPICON_NAME = AppIcon;
				ASSETCATALOG_COMPILER_GLOBAL_ACCENT_COLOR_NAME = AccentColor;
				CODE_SIGN_STYLE = Automatic;
				CURRENT_PROJECT_VERSION = 1;
				DEVELOPMENT_ASSET_PATHS = "\"LokiFrame/Preview Content\"";
				DEVELOPMENT_TEAM = W23R2ZSW6R;
				ENABLE_PREVIEWS = YES;
				GENERATE_INFOPLIST_FILE = YES;
				INFOPLIST_FILE = LokiFrame/Info.plist;
				INFOPLIST_KEY_LSApplicationCategoryType = "public.app-category.graphics-design";
				INFOPLIST_KEY_UIApplicationSupportsIndirectInputEvents = YES;
				INFOPLIST_KEY_UILaunchScreen_Generation = YES;
				INFOPLIST_KEY_UISupportedInterfaceOrientations = UIInterfaceOrientationPortrait;
				INFOPLIST_KEY_UISupportedInterfaceOrientations_iPad = "UIInterfaceOrientationLandscapeLeft UIInterfaceOrientationLandscapeRight UIInterfaceOrientationPortrait";
				LD_RUNPATH_SEARCH_PATHS = (
					"$(inherited)",
					"@executable_path/Frameworks",
				);
				MARKETING_VERSION = 1.0;
				PRODUCT_BUNDLE_IDENTIFIER = dev.noelgomez.LokiFrame;
				PRODUCT_NAME = "$(TARGET_NAME)";
				SUPPORTED_PLATFORMS = "iphoneos iphonesimulator";
				SUPPORTS_MACCATALYST = NO;
				SUPPORTS_MAC_DESIGNED_FOR_IPHONE_IPAD = NO;
				SWIFT_EMIT_LOC_STRINGS = YES;
				SWIFT_VERSION = 5.0;
				TARGETED_DEVICE_FAMILY = 1;
			};
			name = Release;
		};
/* End XCBuildConfiguration section */

/* Begin XCConfigurationList section */
		1F14D83A294810210076016F /* Build configuration list for PBXProject "LokiFrame" */ = {
			isa = XCConfigurationList;
			buildConfigurations = (
				1F14D84B294810220076016F /* Debug */,
				1F14D84C294810220076016F /* Release */,
			);
			defaultConfigurationIsVisible = 0;
			defaultConfigurationName = Release;
		};
		1F14D84D294810220076016F /* Build configuration list for PBXNativeTarget "LokiFrame" */ = {
			isa = XCConfigurationList;
			buildConfigurations = (
				1F14D84E294810220076016F /* Debug */,
				1F14D84F294810220076016F /* Release */,
			);
			defaultConfigurationIsVisible = 0;
			defaultConfigurationName = Release;
		};
/* End XCConfigurationList section */

/* Begin XCRemoteSwiftPackageReference section */
		1F0738B629654E24001ED4B5 /* XCRemoteSwiftPackageReference "GoogleSignIn-iOS" */ = {
			isa = XCRemoteSwiftPackageReference;
			repositoryURL = "https://github.com/google/GoogleSignIn-iOS";
			requirement = {
				branch = main;
				kind = branch;
			};
		};
		1F1B6E522962EBA400129AC0 /* XCRemoteSwiftPackageReference "Nuke" */ = {
			isa = XCRemoteSwiftPackageReference;
			repositoryURL = "https://github.com/kean/Nuke";
			requirement = {
				branch = master;
				kind = branch;
			};
		};
/* End XCRemoteSwiftPackageReference section */

/* Begin XCSwiftPackageProductDependency section */
		1F0738B729654E24001ED4B5 /* GoogleSignIn */ = {
			isa = XCSwiftPackageProductDependency;
			package = 1F0738B629654E24001ED4B5 /* XCRemoteSwiftPackageReference "GoogleSignIn-iOS" */;
			productName = GoogleSignIn;
		};
		1F0738B929654E24001ED4B5 /* GoogleSignInSwift */ = {
			isa = XCSwiftPackageProductDependency;
			package = 1F0738B629654E24001ED4B5 /* XCRemoteSwiftPackageReference "GoogleSignIn-iOS" */;
			productName = GoogleSignInSwift;
		};
		1F1B6E532962EBA400129AC0 /* NukeUI */ = {
			isa = XCSwiftPackageProductDependency;
			package = 1F1B6E522962EBA400129AC0 /* XCRemoteSwiftPackageReference "Nuke" */;
			productName = NukeUI;
		};
/* End XCSwiftPackageProductDependency section */
	};
	rootObject = 1F14D837294810210076016F /* Project object */;
}
